
Microsoft Visual Studio Solution File, Format Version 12.00
# Visual Studio Version 16
VisualStudioVersion = 16.0.32413.511
MinimumVisualStudioVersion = 10.0.40219.1
Project("{FAE04EC0-301F-11D3-BF4B-00C04F79EFBC}") = "Talentpool alpha 1.0.0", "Talentpool alpha 1.0.0\Talentpool alpha 1.0.0.csproj", "{E7D3C3DC-E0BE-4A3A-9356-9683602EBE1B}"
EndProject
Global
	GlobalSection(SolutionConfigurationPlatforms) = preSolution
		Debug|Any CPU = Debug|Any CPU
		Release|Any CPU = Release|Any CPU
	EndGlobalSection
	GlobalSection(ProjectConfigurationPlatforms) = postSolution
		{E7D3C3DC-E0BE-4A3A-9356-9683602EBE1B}.Debug|Any CPU.ActiveCfg = Debug|Any CPU
		{E7D3C3DC-E0BE-4A3A-9356-9683602EBE1B}.Debug|Any CPU.Build.0 = Debug|Any CPU
		{E7D3C3DC-E0BE-4A3A-9356-9683602EBE1B}.Release|Any CPU.ActiveCfg = Release|Any CPU
		{E7D3C3DC-E0BE-4A3A-9356-9683602EBE1B}.Release|Any CPU.Build.0 = Release|Any CPU
	EndGlobalSection
	GlobalSection(SolutionProperties) = preSolution
		HideSolutionNode = FALSE
	EndGlobalSection
	GlobalSection(ExtensibilityGlobals) = postSolution
		SolutionGuid = {D64BF5D0-6B1F-4B59-A668-3B3094D1ABC4}
	EndGlobalSection
EndGlobal
